
Microsoft Visual Studio Solution File, Format Version 12.00
# Visual Studio Version 16
VisualStudioVersion = 16.0.31424.327
MinimumVisualStudioVersion = 10.0.40219.1
Project("{FAE04EC0-301F-11D3-BF4B-00C04F79EFBC}") = "DeviceFinanceApp", "DeviceFinanceApp\DeviceFinanceApp.csproj", "{F8DF74EE-497B-4EC8-ADA0-F6C0193CAFA3}"
EndProject
Global
	GlobalSection(SolutionConfigurationPlatforms) = preSolution
		Debug|Any CPU = Debug|Any CPU
		Release|Any CPU = Release|Any CPU
	EndGlobalSection
	GlobalSection(ProjectConfigurationPlatforms) = postSolution
		{F8DF74EE-497B-4EC8-ADA0-F6C0193CAFA3}.Debug|Any CPU.ActiveCfg = Debug|Any CPU
		{F8DF74EE-497B-4EC8-ADA0-F6C0193CAFA3}.Debug|Any CPU.Build.0 = Debug|Any CPU
		{F8DF74EE-497B-4EC8-ADA0-F6C0193CAFA3}.Release|Any CPU.ActiveCfg = Release|Any CPU
		{F8DF74EE-497B-4EC8-ADA0-F6C0193CAFA3}.Release|Any CPU.Build.0 = Release|Any CPU
	EndGlobalSection
	GlobalSection(SolutionProperties) = preSolution
		HideSolutionNode = FALSE
	EndGlobalSection
	GlobalSection(ExtensibilityGlobals) = postSolution
		SolutionGuid = {131DEEDF-5188-423E-BF89-C29D2FA43F44}
	EndGlobalSection
EndGlobal
